
Microsoft Visual Studio Solution File, Format Version 12.00
# Visual Studio 14
VisualStudioVersion = 14.0.25420.1
MinimumVisualStudioVersion = 10.0.40219.1
Project("{2150E333-8FDC-42A3-9474-1A3956D46DE8}") = "Copy_BOM", "Copy_BOM", "{F0D48FE8-ECAD-4438-B56C-100BC29C52B0}"
EndProject
Project("{FAE04EC0-301F-11D3-BF4B-00C04F79EFBC}") = "Manage_BOM", "Manage_BOM\Manage_BOM.csproj", "{EE125E7B-FF69-4D76-AC98-7D7CA2D5487A}"
EndProject
Global
	GlobalSection(SolutionConfigurationPlatforms) = preSolution
		Debug|Any CPU = Debug|Any CPU
		Release|Any CPU = Release|Any CPU
	EndGlobalSection
	GlobalSection(ProjectConfigurationPlatforms) = postSolution
		{EE125E7B-FF69-4D76-AC98-7D7CA2D5487A}.Debug|Any CPU.ActiveCfg = Debug|Any CPU
		{EE125E7B-FF69-4D76-AC98-7D7CA2D5487A}.Debug|Any CPU.Build.0 = Debug|Any CPU
		{EE125E7B-FF69-4D76-AC98-7D7CA2D5487A}.Release|Any CPU.ActiveCfg = Release|Any CPU
		{EE125E7B-FF69-4D76-AC98-7D7CA2D5487A}.Release|Any CPU.Build.0 = Release|Any CPU
	EndGlobalSection
	GlobalSection(SolutionProperties) = preSolution
		HideSolutionNode = FALSE
	EndGlobalSection
	GlobalSection(NestedProjects) = preSolution
		{EE125E7B-FF69-4D76-AC98-7D7CA2D5487A} = {F0D48FE8-ECAD-4438-B56C-100BC29C52B0}
	EndGlobalSection
EndGlobal
